
Microsoft Visual Studio Solution File, Format Version 12.00
# Visual Studio Version 16
VisualStudioVersion = 16.0.31105.61
MinimumVisualStudioVersion = 10.0.40219.1
Project("{9A19103F-16F7-4668-BE54-9A1E7A4F7556}") = "ZA.MessageBus.Prototype.ConsumerA", "ZA.MessageBus.Prototype.ConsumerA\ZA.MessageBus.Prototype.ConsumerA.csproj", "{22460C9A-2EBB-4CE7-9461-44AE0A613CAE}"
EndProject
Project("{9A19103F-16F7-4668-BE54-9A1E7A4F7556}") = "ZA.MessageBus.Prototype.Contracts", "ZA.MessageBus.Prototype.Contracts\ZA.MessageBus.Prototype.Contracts.csproj", "{F580BCDF-B901-453F-B9C2-9219B6F93A19}"
EndProject
Project("{9A19103F-16F7-4668-BE54-9A1E7A4F7556}") = "ZA.MessageBus.Prototype.ConsumerA.Host", "ZA.MessageBus.Prototype.ConsumerA.Host\ZA.MessageBus.Prototype.ConsumerA.Host.csproj", "{C3CBC5B0-05C9-4C63-BCC6-87EF2BBC24AD}"
EndProject
Project("{9A19103F-16F7-4668-BE54-9A1E7A4F7556}") = "ZA.MessageBus.Prototype.RabbitMq", "ZA.MessageBus.Prototype.RabbitMq\ZA.MessageBus.Prototype.RabbitMq.csproj", "{0E26BBB5-ABD4-4C5A-A165-7CD78A93D4FC}"
EndProject
Project("{FAE04EC0-301F-11D3-BF4B-00C04F79EFBC}") = "ZA.MessageBus.Prototype.ConsumerB", "ZA.MessageBus.Prototype.ConsumerB\ZA.MessageBus.Prototype.ConsumerB.csproj", "{C38DD6A3-CAD9-448B-996B-8D56810B4F1F}"
EndProject
Project("{FAE04EC0-301F-11D3-BF4B-00C04F79EFBC}") = "ZA.MessageBus.Prototype.ConsumerB.Host", "ZA.MessageBus.Prototype.ConsumerB.Host\ZA.MessageBus.Prototype.ConsumerB.Host.csproj", "{77C825FA-F2A6-4A1C-A3EF-EE1AC718D663}"
EndProject
Global
	GlobalSection(SolutionConfigurationPlatforms) = preSolution
		Debug|Any CPU = Debug|Any CPU
		Release|Any CPU = Release|Any CPU
	EndGlobalSection
	GlobalSection(ProjectConfigurationPlatforms) = postSolution
		{22460C9A-2EBB-4CE7-9461-44AE0A613CAE}.Debug|Any CPU.ActiveCfg = Debug|Any CPU
		{22460C9A-2EBB-4CE7-9461-44AE0A613CAE}.Debug|Any CPU.Build.0 = Debug|Any CPU
		{22460C9A-2EBB-4CE7-9461-44AE0A613CAE}.Release|Any CPU.ActiveCfg = Release|Any CPU
		{22460C9A-2EBB-4CE7-9461-44AE0A613CAE}.Release|Any CPU.Build.0 = Release|Any CPU
		{F580BCDF-B901-453F-B9C2-9219B6F93A19}.Debug|Any CPU.ActiveCfg = Debug|Any CPU
		{F580BCDF-B901-453F-B9C2-9219B6F93A19}.Debug|Any CPU.Build.0 = Debug|Any CPU
		{F580BCDF-B901-453F-B9C2-9219B6F93A19}.Release|Any CPU.ActiveCfg = Release|Any CPU
		{F580BCDF-B901-453F-B9C2-9219B6F93A19}.Release|Any CPU.Build.0 = Release|Any CPU
		{C3CBC5B0-05C9-4C63-BCC6-87EF2BBC24AD}.Debug|Any CPU.ActiveCfg = Debug|Any CPU
		{C3CBC5B0-05C9-4C63-BCC6-87EF2BBC24AD}.Debug|Any CPU.Build.0 = Debug|Any CPU
		{C3CBC5B0-05C9-4C63-BCC6-87EF2BBC24AD}.Release|Any CPU.ActiveCfg = Release|Any CPU
		{C3CBC5B0-05C9-4C63-BCC6-87EF2BBC24AD}.Release|Any CPU.Build.0 = Release|Any CPU
		{0E26BBB5-ABD4-4C5A-A165-7CD78A93D4FC}.Debug|Any CPU.ActiveCfg = Debug|Any CPU
		{0E26BBB5-ABD4-4C5A-A165-7CD78A93D4FC}.Debug|Any CPU.Build.0 = Debug|Any CPU
		{0E26BBB5-ABD4-4C5A-A165-7CD78A93D4FC}.Release|Any CPU.ActiveCfg = Release|Any CPU
		{0E26BBB5-ABD4-4C5A-A165-7CD78A93D4FC}.Release|Any CPU.Build.0 = Release|Any CPU
		{C38DD6A3-CAD9-448B-996B-8D56810B4F1F}.Debug|Any CPU.ActiveCfg = Debug|Any CPU
		{C38DD6A3-CAD9-448B-996B-8D56810B4F1F}.Debug|Any CPU.Build.0 = Debug|Any CPU
		{C38DD6A3-CAD9-448B-996B-8D56810B4F1F}.Release|Any CPU.ActiveCfg = Release|Any CPU
		{C38DD6A3-CAD9-448B-996B-8D56810B4F1F}.Release|Any CPU.Build.0 = Release|Any CPU
		{77C825FA-F2A6-4A1C-A3EF-EE1AC718D663}.Debug|Any CPU.ActiveCfg = Debug|Any CPU
		{77C825FA-F2A6-4A1C-A3EF-EE1AC718D663}.Debug|Any CPU.Build.0 = Debug|Any CPU
		{77C825FA-F2A6-4A1C-A3EF-EE1AC718D663}.Release|Any CPU.ActiveCfg = Release|Any CPU
		{77C825FA-F2A6-4A1C-A3EF-EE1AC718D663}.Release|Any CPU.Build.0 = Release|Any CPU
	EndGlobalSection
	GlobalSection(SolutionProperties) = preSolution
		HideSolutionNode = FALSE
	EndGlobalSection
	GlobalSection(ExtensibilityGlobals) = postSolution
		SolutionGuid = {ABE07B4B-C48A-45D7-8A23-E1159BA87879}
	EndGlobalSection
EndGlobal
